
Microsoft Visual Studio Solution File, Format Version 12.00
# Visual Studio Version 17
VisualStudioVersion = 17.11.35222.181
MinimumVisualStudioVersion = 10.0.40219.1
Project("{FAE04EC0-301F-11D3-BF4B-00C04F79EFBC}") = "MainApp", "MainApp\MainApp.csproj", "{9057E4FE-8FBF-47D9-B6EC-789D4547E484}"
EndProject
Project("{FAE04EC0-301F-11D3-BF4B-00C04F79EFBC}") = "MainApp.Shared", "MainApp.Shared\MainApp.Shared.csproj", "{E61D38C7-DACA-4FCE-BB2C-1E525C3A191D}"
EndProject
Project("{FAE04EC0-301F-11D3-BF4B-00C04F79EFBC}") = "MainApp.Shared.Tests", "MainApp.Shared.Tests\MainApp.Shared.Tests.csproj", "{CC093F51-4A6F-4905-B21C-F58B7A600366}"
EndProject
Global
	GlobalSection(SolutionConfigurationPlatforms) = preSolution
		Debug|Any CPU = Debug|Any CPU
		Release|Any CPU = Release|Any CPU
	EndGlobalSection
	GlobalSection(ProjectConfigurationPlatforms) = postSolution
		{9057E4FE-8FBF-47D9-B6EC-789D4547E484}.Debug|Any CPU.ActiveCfg = Debug|Any CPU
		{9057E4FE-8FBF-47D9-B6EC-789D4547E484}.Debug|Any CPU.Build.0 = Debug|Any CPU
		{9057E4FE-8FBF-47D9-B6EC-789D4547E484}.Release|Any CPU.ActiveCfg = Release|Any CPU
		{9057E4FE-8FBF-47D9-B6EC-789D4547E484}.Release|Any CPU.Build.0 = Release|Any CPU
		{E61D38C7-DACA-4FCE-BB2C-1E525C3A191D}.Debug|Any CPU.ActiveCfg = Debug|Any CPU
		{E61D38C7-DACA-4FCE-BB2C-1E525C3A191D}.Debug|Any CPU.Build.0 = Debug|Any CPU
		{E61D38C7-DACA-4FCE-BB2C-1E525C3A191D}.Release|Any CPU.ActiveCfg = Release|Any CPU
		{E61D38C7-DACA-4FCE-BB2C-1E525C3A191D}.Release|Any CPU.Build.0 = Release|Any CPU
		{CC093F51-4A6F-4905-B21C-F58B7A600366}.Debug|Any CPU.ActiveCfg = Debug|Any CPU
		{CC093F51-4A6F-4905-B21C-F58B7A600366}.Debug|Any CPU.Build.0 = Debug|Any CPU
		{CC093F51-4A6F-4905-B21C-F58B7A600366}.Release|Any CPU.ActiveCfg = Release|Any CPU
		{CC093F51-4A6F-4905-B21C-F58B7A600366}.Release|Any CPU.Build.0 = Release|Any CPU
	EndGlobalSection
	GlobalSection(SolutionProperties) = preSolution
		HideSolutionNode = FALSE
	EndGlobalSection
	GlobalSection(ExtensibilityGlobals) = postSolution
		SolutionGuid = {0AD901C7-53C6-4A81-828A-A1ADABD20559}
	EndGlobalSection
EndGlobal
